
Microsoft Visual Studio Solution File, Format Version 12.00
# Visual Studio Version 17
VisualStudioVersion = 17.4.33213.308
MinimumVisualStudioVersion = 10.0.40219.1
Project("{888888A0-9F3D-457C-B088-3A5042F75D52}") = "OpenAiChat", "OpenAiChat.pyproj", "{2382D390-3745-464B-8DC9-D9E070EF8CF2}"
EndProject
Global
	GlobalSection(SolutionConfigurationPlatforms) = preSolution
		Debug|Any CPU = Debug|Any CPU
		Release|Any CPU = Release|Any CPU
	EndGlobalSection
	GlobalSection(ProjectConfigurationPlatforms) = postSolution
		{2382D390-3745-464B-8DC9-D9E070EF8CF2}.Debug|Any CPU.ActiveCfg = Debug|Any CPU
		{2382D390-3745-464B-8DC9-D9E070EF8CF2}.Release|Any CPU.ActiveCfg = Release|Any CPU
	EndGlobalSection
	GlobalSection(SolutionProperties) = preSolution
		HideSolutionNode = FALSE
	EndGlobalSection
	GlobalSection(ExtensibilityGlobals) = postSolution
		SolutionGuid = {041C130E-FEF4-4837-A1EF-4E6FE0B8928B}
	EndGlobalSection
EndGlobal
